
Microsoft Visual Studio Solution File, Format Version 12.00
# Visual Studio Version 17
VisualStudioVersion = 17.4.33122.133
MinimumVisualStudioVersion = 10.0.40219.1
Project("{9A19103F-16F7-4668-BE54-9A1E7A4F7556}") = "UrnaEletronica.CLI", "UrnaEletronica.CLI\UrnaEletronica.CLI.csproj", "{6CB2BC27-D37C-4799-B971-412115BC13C0}"
	ProjectSection(ProjectDependencies) = postProject
		{66883328-CADC-46F6-9FE8-EEB0A1D8BBBB} = {66883328-CADC-46F6-9FE8-EEB0A1D8BBBB}
	EndProjectSection
EndProject
Project("{FAE04EC0-301F-11D3-BF4B-00C04F79EFBC}") = "UrnaEletronica.Domain", "..\UrnaEletronica.Domain\UrnaEletronica.Domain.csproj", "{66883328-CADC-46F6-9FE8-EEB0A1D8BBBB}"
EndProject
Global
	GlobalSection(SolutionConfigurationPlatforms) = preSolution
		Debug|Any CPU = Debug|Any CPU
		Release|Any CPU = Release|Any CPU
	EndGlobalSection
	GlobalSection(ProjectConfigurationPlatforms) = postSolution
		{6CB2BC27-D37C-4799-B971-412115BC13C0}.Debug|Any CPU.ActiveCfg = Debug|Any CPU
		{6CB2BC27-D37C-4799-B971-412115BC13C0}.Debug|Any CPU.Build.0 = Debug|Any CPU
		{6CB2BC27-D37C-4799-B971-412115BC13C0}.Release|Any CPU.ActiveCfg = Release|Any CPU
		{6CB2BC27-D37C-4799-B971-412115BC13C0}.Release|Any CPU.Build.0 = Release|Any CPU
		{66883328-CADC-46F6-9FE8-EEB0A1D8BBBB}.Debug|Any CPU.ActiveCfg = Debug|Any CPU
		{66883328-CADC-46F6-9FE8-EEB0A1D8BBBB}.Debug|Any CPU.Build.0 = Debug|Any CPU
		{66883328-CADC-46F6-9FE8-EEB0A1D8BBBB}.Release|Any CPU.ActiveCfg = Release|Any CPU
		{66883328-CADC-46F6-9FE8-EEB0A1D8BBBB}.Release|Any CPU.Build.0 = Release|Any CPU
	EndGlobalSection
	GlobalSection(SolutionProperties) = preSolution
		HideSolutionNode = FALSE
	EndGlobalSection
	GlobalSection(ExtensibilityGlobals) = postSolution
		SolutionGuid = {C1C2FF72-F8DE-468E-84B1-46C186A5B485}
	EndGlobalSection
EndGlobal
